{
    "_readme": [
        "This file locks the dependencies of your project to a known state",
        "Read more about it at http://getcomposer.org/doc/01-basic-usage.md#composer-lock-the-lock-file"
    ],
    "hash": "00f6bc1e97ef0314c9f5e6b9553e5739",
    "packages": [
        {
            "name": "davewid/peyote",
            "version": "0.6.1",
            "source": {
                "type": "git",
                "url": "https://github.com/daveWid/Peyote.git",
                "reference": "0.6.1"
            },
            "dist": {
                "type": "zip",
                "url": "https://api.github.com/repos/daveWid/Peyote/zipball/0.6.1",
                "reference": "0.6.1",
                "shasum": ""
            },
            "require": {
                "php": ">=5.3"
            },
            "type": "library",
            "autoload": {
                "psr-0": {
                    "Peyote": "classes/"
                }
            },
            "notification-url": "https://packagist.org/downloads/",
            "license": [
                "MIT"
            ],
            "authors": [
                {
                    "name": "Dave Widmer",
                    "email": "dave@davewidmer.net",
                    "homepage": "http://www.davewidmer.net",
                    "role": "Developer"
                }
            ],
            "description": "A database query builder for PHP 5.3+",
            "homepage": "https://github.com/daveWid/Peyote",
            "keywords": [
                "database",
                "mysql",
                "query builder"
            ],
            "time": "2013-04-29 15:42:28"
        },
        {
            "name": "smarty/smarty",
            "version": "v3.1.13",
            "source": {
                "type": "svn",
                "url": "http://smarty-php.googlecode.com/svn",
                "reference": "/tags/v3.1.13/@4699"
            },
            "require": {
                "php": ">=5.2"
            },
            "type": "library",
            "autoload": {
                "classmap": [
                    "distribution/libs/Smarty.class.php",
                    "distribution/libs/SmartyBC.class.php"
                ]
            },
            "notification-url": "https://packagist.org/downloads/",
            "license": [
                "LGPL-3.0"
            ],
            "authors": [
                {
                    "name": "Monte Ohrt",
                    "email": "monte@ohrt.com"
                },
                {
                    "name": "Uwe Tews",
                    "email": "uwe.tews@googlemail.com"
                },
                {
                    "name": "Rodney Rehm",
                    "email": "rodney.rehm@medialize.de"
                }
            ],
            "description": "Smarty - the compiling PHP template engine",
            "homepage": "http://www.smarty.net",
            "keywords": [
                "templating"
            ],
            "time": "2013-01-26 12:03:52"
        }
    ],
    "packages-dev": [

    ],
    "aliases": [

    ],
    "minimum-stability": "stable",
    "stability-flags": [

    ],
    "platform": {
        "php": ">=5.4",
        "ext-imagick": "*"
    },
    "platform-dev": [

    ]
}
