{
    "_readme": [
        "This file locks the dependencies of your project to a known state",
        "Read more about it at http://getcomposer.org/doc/01-basic-usage.md#composer-lock-the-lock-file"
    ],
    "hash": "543a99578046a8c71cce68ebc3513dae",
    "packages": [
        {
            "name": "davewid/peyote",
            "version": "0.7.2",
            "source": {
                "type": "git",
                "url": "https://github.com/daveWid/Peyote.git",
                "reference": "82ec913232fe843de02f8ecd5f309dd0554d6624"
            },
            "dist": {
                "type": "zip",
                "url": "https://api.github.com/repos/daveWid/Peyote/zipball/82ec913232fe843de02f8ecd5f309dd0554d6624",
                "reference": "82ec913232fe843de02f8ecd5f309dd0554d6624",
                "shasum": ""
            },
            "require": {
                "php": ">=5.3"
            },
            "require-dev": {
                "phing/phing": "2.6.*",
                "phpdocumentor/phpdocumentor": "2.0.*",
                "phpunit/phpunit": "3.7.*"
            },
            "type": "library",
            "autoload": {
                "psr-0": {
                    "Peyote": "classes/"
                }
            },
            "notification-url": "https://packagist.org/downloads/",
            "license": [
                "MIT"
            ],
            "authors": [
                {
                    "name": "Dave Widmer",
                    "email": "dave@davewidmer.net",
                    "homepage": "http://www.davewidmer.net",
                    "role": "Developer"
                }
            ],
            "description": "A database query builder for PHP 5.3+",
            "homepage": "https://github.com/daveWid/Peyote",
            "keywords": [
                "database",
                "mysql",
                "query builder"
            ],
            "time": "2014-02-11 15:18:52"
        },
        {
            "name": "gavroche/browser",
            "version": "dev-master",
            "source": {
                "type": "git",
                "url": "https://github.com/gabrielbull/php-browser.git",
                "reference": "f5ca38642256c1a9b90ac41e0587a00b7e1ba5f6"
            },
            "dist": {
                "type": "zip",
                "url": "https://api.github.com/repos/gabrielbull/php-browser/zipball/90f1752e9f8f7aca522d383987307d7473973ef1",
                "reference": "f5ca38642256c1a9b90ac41e0587a00b7e1ba5f6",
                "shasum": ""
            },
            "require": {
                "php": ">=5.3"
            },
            "type": "library",
            "autoload": {
                "psr-0": {
                    "Browser": "src/"
                }
            },
            "notification-url": "https://packagist.org/downloads/",
            "license": [
                "MIT"
            ],
            "authors": [
                {
                    "name": "Gabriel Bull",
                    "email": "me@gabrielbull.com"
                },
                {
                    "name": "Chris Schuld",
                    "email": "contact@chrisschuld.com"
                }
            ],
            "description": "Detecting the user's browser, operating system and language.",
            "homepage": "https://github.com/gabrielbull/php-browser",
            "keywords": [
                "browser",
                "detection",
                "language",
                "operating system",
                "os"
            ],
            "time": "2013-12-03 20:34:42"
        },
        {
            "name": "rych/bytesize",
            "version": "dev-master",
            "target-dir": "Rych/ByteSize",
            "source": {
                "type": "git",
                "url": "https://github.com/rchouinard/bytesize.git",
                "reference": "38d25745980f3e2605ea49e01304f261aa6ddf15"
            },
            "dist": {
                "type": "zip",
                "url": "https://api.github.com/repos/rchouinard/bytesize/zipball/38d25745980f3e2605ea49e01304f261aa6ddf15",
                "reference": "38d25745980f3e2605ea49e01304f261aa6ddf15",
                "shasum": ""
            },
            "require": {
                "ext-bcmath": "*",
                "php": ">=5.3.4"
            },
            "require-dev": {
                "phpunit/phpunit": "3.7.*"
            },
            "type": "library",
            "extra": {
                "branch-alias": {
                    "dev-master": "1.0-dev"
                }
            },
            "autoload": {
                "psr-0": {
                    "Rych\\ByteSize": ""
                }
            },
            "notification-url": "https://packagist.org/downloads/",
            "license": [
                "MIT"
            ],
            "authors": [
                {
                    "name": "Ryan Chouinard",
                    "email": "rchouinard@gmail.com",
                    "homepage": "http://ryanchouinard.com"
                }
            ],
            "description": "Utility component for nicely formatted file sizes.",
            "homepage": "https://github.com/rchouinard/bytesize",
            "keywords": [
                "filesize"
            ],
            "time": "2013-05-06 21:00:01"
        },
        {
            "name": "swiftmailer/swiftmailer",
            "version": "v5.0.3",
            "source": {
                "type": "git",
                "url": "https://github.com/swiftmailer/swiftmailer.git",
                "reference": "32edc3b0de0fdc1b10f5c4912e8677b3f411a230"
            },
            "dist": {
                "type": "zip",
                "url": "https://api.github.com/repos/swiftmailer/swiftmailer/zipball/32edc3b0de0fdc1b10f5c4912e8677b3f411a230",
                "reference": "32edc3b0de0fdc1b10f5c4912e8677b3f411a230",
                "shasum": ""
            },
            "require": {
                "php": ">=5.2.4"
            },
            "type": "library",
            "extra": {
                "branch-alias": {
                    "dev-master": "5.1-dev"
                }
            },
            "autoload": {
                "files": [
                    "lib/swift_required.php"
                ]
            },
            "notification-url": "https://packagist.org/downloads/",
            "license": [
                "MIT"
            ],
            "authors": [
                {
                    "name": "Fabien Potencier",
                    "email": "fabien@symfony.com"
                },
                {
                    "name": "Chris Corbyn"
                }
            ],
            "description": "Swiftmailer, free feature-rich PHP mailer",
            "homepage": "http://swiftmailer.org",
            "keywords": [
                "mail",
                "mailer"
            ],
            "time": "2013-12-03 13:33:24"
        },
        {
            "name": "twig/extensions",
            "version": "v1.0.1",
            "source": {
                "type": "git",
                "url": "https://github.com/fabpot/Twig-extensions.git",
                "reference": "f91a82ec225e5bb108e01a0f93c9be04f84dcfa0"
            },
            "dist": {
                "type": "zip",
                "url": "https://api.github.com/repos/fabpot/Twig-extensions/zipball/f91a82ec225e5bb108e01a0f93c9be04f84dcfa0",
                "reference": "f91a82ec225e5bb108e01a0f93c9be04f84dcfa0",
                "shasum": ""
            },
            "require": {
                "twig/twig": "~1.0"
            },
            "type": "library",
            "extra": {
                "branch-alias": {
                    "dev-master": "1.0.x-dev"
                }
            },
            "autoload": {
                "psr-0": {
                    "Twig_Extensions_": "lib/"
                }
            },
            "notification-url": "https://packagist.org/downloads/",
            "license": [
                "MIT"
            ],
            "authors": [
                {
                    "name": "Fabien Potencier",
                    "email": "fabien@symfony.com"
                }
            ],
            "description": "Common additional features for Twig that do not directly belong in core",
            "homepage": "https://github.com/fabpot/Twig-extensions",
            "keywords": [
                "debug",
                "i18n",
                "text"
            ],
            "time": "2013-10-18 19:37:15"
        },
        {
            "name": "twig/twig",
            "version": "v1.14.2",
            "source": {
                "type": "git",
                "url": "https://github.com/fabpot/Twig.git",
                "reference": "ca445842fcea4f844d68203ffa2d00f5e3cdea64"
            },
            "dist": {
                "type": "zip",
                "url": "https://api.github.com/repos/fabpot/Twig/zipball/ca445842fcea4f844d68203ffa2d00f5e3cdea64",
                "reference": "ca445842fcea4f844d68203ffa2d00f5e3cdea64",
                "shasum": ""
            },
            "require": {
                "php": ">=5.2.4"
            },
            "type": "library",
            "extra": {
                "branch-alias": {
                    "dev-master": "1.14-dev"
                }
            },
            "autoload": {
                "psr-0": {
                    "Twig_": "lib/"
                }
            },
            "notification-url": "https://packagist.org/downloads/",
            "license": [
                "BSD-3-Clause"
            ],
            "authors": [
                {
                    "name": "Fabien Potencier",
                    "email": "fabien@symfony.com"
                },
                {
                    "name": "Armin Ronacher2",
                    "email": "armin.ronacher@active-4.com"
                }
            ],
            "description": "Twig, the flexible, fast, and secure template language for PHP",
            "homepage": "http://twig.sensiolabs.org",
            "keywords": [
                "templating"
            ],
            "time": "2013-10-30 08:20:53"
        }
    ],
    "packages-dev": [

    ],
    "aliases": [

    ],
    "minimum-stability": "stable",
    "stability-flags": {
        "gavroche/browser": 20,
        "rych/bytesize": 20
    },
    "platform": {
        "php": ">=5.4",
        "ext-imagick": "*",
        "ext-gettext": "*"
    },
    "platform-dev": [

    ]
}
